
Microsoft Visual Studio Solution File, Format Version 12.00
# Visual Studio Version 17
VisualStudioVersion = 17.0.31903.59
MinimumVisualStudioVersion = 10.0.40219.1
Project("{FAE04EC0-301F-11D3-BF4B-00C04F79EFBC}") = "BounderGame", "BounderGame\BounderGame.csproj", "{0A85E3AA-DAE4-CE2D-C60B-9989C8712B57}"
EndProject
Global
	GlobalSection(SolutionConfigurationPlatforms) = preSolution
		Debug|Any CPU = Debug|Any CPU
		Release|Any CPU = Release|Any CPU
	EndGlobalSection
	GlobalSection(ProjectConfigurationPlatforms) = postSolution
		{0A85E3AA-DAE4-CE2D-C60B-9989C8712B57}.Debug|Any CPU.ActiveCfg = Debug|Any CPU
		{0A85E3AA-DAE4-CE2D-C60B-9989C8712B57}.Debug|Any CPU.Build.0 = Debug|Any CPU
		{0A85E3AA-DAE4-CE2D-C60B-9989C8712B57}.Release|Any CPU.ActiveCfg = Release|Any CPU
		{0A85E3AA-DAE4-CE2D-C60B-9989C8712B57}.Release|Any CPU.Build.0 = Release|Any CPU
	EndGlobalSection
	GlobalSection(SolutionProperties) = preSolution
		HideSolutionNode = FALSE
	EndGlobalSection
	GlobalSection(ExtensibilityGlobals) = postSolution
		SolutionGuid = {088F040F-A506-4AEE-A82B-AFFFD0144FF9}
	EndGlobalSection
EndGlobal
